# This file is automatically @generated by Cargo.
# It is not intended for manual editing.
version = 4

[[package]]
name = "lib_kaos"
version = "0.1.0"

[[package]]
name = "lib_tui"
version = "0.1.0"
dependencies = [
 "lib_kaos",
]

[[package]]
name = "tui_user_program"
version = "0.1.0"
dependencies = [
 "lib_kaos",
 "lib_tui",
]
